
Microsoft Visual Studio Solution File, Format Version 12.00
# Visual Studio Version 16
VisualStudioVersion = 16.0.30907.101
MinimumVisualStudioVersion = 10.0.40219.1
Project("{FAE04EC0-301F-11D3-BF4B-00C04F79EFBC}") = "DestCity", "DestCity.csproj", "{180A5892-495D-450A-A049-8E392D6F3DBD}"
EndProject
Global
	GlobalSection(SolutionConfigurationPlatforms) = preSolution
		Debug|Any CPU = Debug|Any CPU
		Release|Any CPU = Release|Any CPU
	EndGlobalSection
	GlobalSection(ProjectConfigurationPlatforms) = postSolution
		{180A5892-495D-450A-A049-8E392D6F3DBD}.Debug|Any CPU.ActiveCfg = Debug|Any CPU
		{180A5892-495D-450A-A049-8E392D6F3DBD}.Debug|Any CPU.Build.0 = Debug|Any CPU
		{180A5892-495D-450A-A049-8E392D6F3DBD}.Release|Any CPU.ActiveCfg = Release|Any CPU
		{180A5892-495D-450A-A049-8E392D6F3DBD}.Release|Any CPU.Build.0 = Release|Any CPU
	EndGlobalSection
	GlobalSection(SolutionProperties) = preSolution
		HideSolutionNode = FALSE
	EndGlobalSection
	GlobalSection(ExtensibilityGlobals) = postSolution
		SolutionGuid = {FD4962B0-D1B7-47A8-852F-C1670DD65514}
	EndGlobalSection
EndGlobal
